
Microsoft Visual Studio Solution File, Format Version 12.00
# Visual Studio 14
VisualStudioVersion = 14.0.25420.1
MinimumVisualStudioVersion = 10.0.40219.1
Project("{FAE04EC0-301F-11D3-BF4B-00C04F79EFBC}") = "ApplicantTracking.Web", "ApplicantTracking.Web\ApplicantTracking.Web.csproj", "{4BD15946-FB72-4233-8AA1-EA4D425EAB22}"
EndProject
Project("{FAE04EC0-301F-11D3-BF4B-00C04F79EFBC}") = "ApplicantTracking.Data", "ApplicantTracking.Data\ApplicantTracking.Data.csproj", "{2028C448-EB54-4C42-9664-5EBBC5519537}"
EndProject
Project("{FAE04EC0-301F-11D3-BF4B-00C04F79EFBC}") = "ApplicantTracking.Domain", "ApplicantTracking.Domain\ApplicantTracking.Domain.csproj", "{49A881DE-5215-412C-921E-A8301AF9C089}"
EndProject
Global
	GlobalSection(SolutionConfigurationPlatforms) = preSolution
		Debug|Any CPU = Debug|Any CPU
		Release|Any CPU = Release|Any CPU
	EndGlobalSection
	GlobalSection(ProjectConfigurationPlatforms) = postSolution
		{4BD15946-FB72-4233-8AA1-EA4D425EAB22}.Debug|Any CPU.ActiveCfg = Debug|Any CPU
		{4BD15946-FB72-4233-8AA1-EA4D425EAB22}.Debug|Any CPU.Build.0 = Debug|Any CPU
		{4BD15946-FB72-4233-8AA1-EA4D425EAB22}.Release|Any CPU.ActiveCfg = Release|Any CPU
		{4BD15946-FB72-4233-8AA1-EA4D425EAB22}.Release|Any CPU.Build.0 = Release|Any CPU
		{2028C448-EB54-4C42-9664-5EBBC5519537}.Debug|Any CPU.ActiveCfg = Debug|Any CPU
		{2028C448-EB54-4C42-9664-5EBBC5519537}.Debug|Any CPU.Build.0 = Debug|Any CPU
		{2028C448-EB54-4C42-9664-5EBBC5519537}.Release|Any CPU.ActiveCfg = Release|Any CPU
		{2028C448-EB54-4C42-9664-5EBBC5519537}.Release|Any CPU.Build.0 = Release|Any CPU
		{49A881DE-5215-412C-921E-A8301AF9C089}.Debug|Any CPU.ActiveCfg = Debug|Any CPU
		{49A881DE-5215-412C-921E-A8301AF9C089}.Debug|Any CPU.Build.0 = Debug|Any CPU
		{49A881DE-5215-412C-921E-A8301AF9C089}.Release|Any CPU.ActiveCfg = Release|Any CPU
		{49A881DE-5215-412C-921E-A8301AF9C089}.Release|Any CPU.Build.0 = Release|Any CPU
	EndGlobalSection
	GlobalSection(SolutionProperties) = preSolution
		HideSolutionNode = FALSE
	EndGlobalSection
EndGlobal
