
Microsoft Visual Studio Solution File, Format Version 12.00
# Visual Studio 14
VisualStudioVersion = 14.0.25420.1
MinimumVisualStudioVersion = 10.0.40219.1
Project("{FAE04EC0-301F-11D3-BF4B-00C04F79EFBC}") = "ApplicantTracking.Web", "ApplicantTracking.Web\ApplicantTracking.Web.csproj", "{ADDF576B-E523-44AB-BC41-2F55762D7052}"
EndProject
Project("{FAE04EC0-301F-11D3-BF4B-00C04F79EFBC}") = "ApplicantTracking.Web.Tests", "ApplicantTracking.Web.Tests\ApplicantTracking.Web.Tests.csproj", "{589C1234-E07A-4B60-8DA5-681D7A82AFE7}"
EndProject
Global
	GlobalSection(SolutionConfigurationPlatforms) = preSolution
		Debug|Any CPU = Debug|Any CPU
		Release|Any CPU = Release|Any CPU
	EndGlobalSection
	GlobalSection(ProjectConfigurationPlatforms) = postSolution
		{ADDF576B-E523-44AB-BC41-2F55762D7052}.Debug|Any CPU.ActiveCfg = Debug|Any CPU
		{ADDF576B-E523-44AB-BC41-2F55762D7052}.Debug|Any CPU.Build.0 = Debug|Any CPU
		{ADDF576B-E523-44AB-BC41-2F55762D7052}.Release|Any CPU.ActiveCfg = Release|Any CPU
		{ADDF576B-E523-44AB-BC41-2F55762D7052}.Release|Any CPU.Build.0 = Release|Any CPU
		{589C1234-E07A-4B60-8DA5-681D7A82AFE7}.Debug|Any CPU.ActiveCfg = Debug|Any CPU
		{589C1234-E07A-4B60-8DA5-681D7A82AFE7}.Debug|Any CPU.Build.0 = Debug|Any CPU
		{589C1234-E07A-4B60-8DA5-681D7A82AFE7}.Release|Any CPU.ActiveCfg = Release|Any CPU
		{589C1234-E07A-4B60-8DA5-681D7A82AFE7}.Release|Any CPU.Build.0 = Release|Any CPU
	EndGlobalSection
	GlobalSection(SolutionProperties) = preSolution
		HideSolutionNode = FALSE
	EndGlobalSection
EndGlobal
